
Microsoft Visual Studio Solution File, Format Version 12.00
# Visual Studio Version 16
VisualStudioVersion = 16.0.31410.357
MinimumVisualStudioVersion = 10.0.40219.1
Project("{FAE04EC0-301F-11D3-BF4B-00C04F79EFBC}") = "ShoeStore", "ShoeStore\ShoeStore.csproj", "{1C09B5E1-4DC2-4B92-A2F2-45F5C4EA44A6}"
EndProject
Global
	GlobalSection(SolutionConfigurationPlatforms) = preSolution
		Debug|Any CPU = Debug|Any CPU
		Release|Any CPU = Release|Any CPU
	EndGlobalSection
	GlobalSection(ProjectConfigurationPlatforms) = postSolution
		{1C09B5E1-4DC2-4B92-A2F2-45F5C4EA44A6}.Debug|Any CPU.ActiveCfg = Debug|Any CPU
		{1C09B5E1-4DC2-4B92-A2F2-45F5C4EA44A6}.Debug|Any CPU.Build.0 = Debug|Any CPU
		{1C09B5E1-4DC2-4B92-A2F2-45F5C4EA44A6}.Release|Any CPU.ActiveCfg = Release|Any CPU
		{1C09B5E1-4DC2-4B92-A2F2-45F5C4EA44A6}.Release|Any CPU.Build.0 = Release|Any CPU
	EndGlobalSection
	GlobalSection(SolutionProperties) = preSolution
		HideSolutionNode = FALSE
	EndGlobalSection
	GlobalSection(ExtensibilityGlobals) = postSolution
		SolutionGuid = {141327AE-4930-48B3-8A3A-ED7E3D79E55E}
	EndGlobalSection
EndGlobal
